
Microsoft Visual Studio Solution File, Format Version 12.00
# Visual Studio 15
VisualStudioVersion = 15.0.28307.779
MinimumVisualStudioVersion = 10.0.40219.1
Project("{FAE04EC0-301F-11D3-BF4B-00C04F79EFBC}") = "CustomerOrderSvc1", "CustomerOrderSvc1\CustomerOrderSvc1.csproj", "{3F1D2DF2-E902-466D-BF98-76836F86A66D}"
EndProject
Project("{FAE04EC0-301F-11D3-BF4B-00C04F79EFBC}") = "CustomerOrderSvc1.Tests", "CustomerOrderSvc1.Tests\CustomerOrderSvc1.Tests.csproj", "{C2D581A1-4F31-497D-838B-12DCC927665A}"
EndProject
Global
	GlobalSection(SolutionConfigurationPlatforms) = preSolution
		Debug|Any CPU = Debug|Any CPU
		Release|Any CPU = Release|Any CPU
	EndGlobalSection
	GlobalSection(ProjectConfigurationPlatforms) = postSolution
		{3F1D2DF2-E902-466D-BF98-76836F86A66D}.Debug|Any CPU.ActiveCfg = Debug|Any CPU
		{3F1D2DF2-E902-466D-BF98-76836F86A66D}.Debug|Any CPU.Build.0 = Debug|Any CPU
		{3F1D2DF2-E902-466D-BF98-76836F86A66D}.Release|Any CPU.ActiveCfg = Release|Any CPU
		{3F1D2DF2-E902-466D-BF98-76836F86A66D}.Release|Any CPU.Build.0 = Release|Any CPU
		{C2D581A1-4F31-497D-838B-12DCC927665A}.Debug|Any CPU.ActiveCfg = Debug|Any CPU
		{C2D581A1-4F31-497D-838B-12DCC927665A}.Debug|Any CPU.Build.0 = Debug|Any CPU
		{C2D581A1-4F31-497D-838B-12DCC927665A}.Release|Any CPU.ActiveCfg = Release|Any CPU
		{C2D581A1-4F31-497D-838B-12DCC927665A}.Release|Any CPU.Build.0 = Release|Any CPU
	EndGlobalSection
	GlobalSection(SolutionProperties) = preSolution
		HideSolutionNode = FALSE
	EndGlobalSection
	GlobalSection(ExtensibilityGlobals) = postSolution
		SolutionGuid = {54DCCBE5-5759-402C-9048-F12E09A3EF5D}
	EndGlobalSection
EndGlobal
